
Microsoft Visual Studio Solution File, Format Version 12.00
# Visual Studio 15
VisualStudioVersion = 15.0.28010.2050
MinimumVisualStudioVersion = 10.0.40219.1
Project("{FAE04EC0-301F-11D3-BF4B-00C04F79EFBC}") = "STUDENT_DATABASE_MANAGEMENT_SYSTEM", "STUDENT_DATABASE_MANAGEMENT_SYSTEM\STUDENT_DATABASE_MANAGEMENT_SYSTEM.csproj", "{975EDB1B-9D06-40BD-AED0-C81D65F260DA}"
EndProject
Global
	GlobalSection(SolutionConfigurationPlatforms) = preSolution
		Debug|Any CPU = Debug|Any CPU
		Release|Any CPU = Release|Any CPU
	EndGlobalSection
	GlobalSection(ProjectConfigurationPlatforms) = postSolution
		{975EDB1B-9D06-40BD-AED0-C81D65F260DA}.Debug|Any CPU.ActiveCfg = Debug|Any CPU
		{975EDB1B-9D06-40BD-AED0-C81D65F260DA}.Debug|Any CPU.Build.0 = Debug|Any CPU
		{975EDB1B-9D06-40BD-AED0-C81D65F260DA}.Release|Any CPU.ActiveCfg = Release|Any CPU
		{975EDB1B-9D06-40BD-AED0-C81D65F260DA}.Release|Any CPU.Build.0 = Release|Any CPU
	EndGlobalSection
	GlobalSection(SolutionProperties) = preSolution
		HideSolutionNode = FALSE
	EndGlobalSection
	GlobalSection(ExtensibilityGlobals) = postSolution
		SolutionGuid = {DE1EDB26-F380-4B4F-9210-D049A9492344}
	EndGlobalSection
EndGlobal
